
Microsoft Visual Studio Solution File, Format Version 12.00
# Visual Studio Version 17
VisualStudioVersion = 17.2.32519.379
MinimumVisualStudioVersion = 10.0.40219.1
Project("{FAE04EC0-301F-11D3-BF4B-00C04F79EFBC}") = "WinPass11", "WinPass11.csproj", "{16EB1A22-38C5-4755-B46E-A529939596AF}"
EndProject
Global
	GlobalSection(SolutionConfigurationPlatforms) = preSolution
		Debug|Any CPU = Debug|Any CPU
		Release|Any CPU = Release|Any CPU
	EndGlobalSection
	GlobalSection(ProjectConfigurationPlatforms) = postSolution
		{16EB1A22-38C5-4755-B46E-A529939596AF}.Debug|Any CPU.ActiveCfg = Debug|Any CPU
		{16EB1A22-38C5-4755-B46E-A529939596AF}.Debug|Any CPU.Build.0 = Debug|Any CPU
		{16EB1A22-38C5-4755-B46E-A529939596AF}.Release|Any CPU.ActiveCfg = Release|Any CPU
		{16EB1A22-38C5-4755-B46E-A529939596AF}.Release|Any CPU.Build.0 = Release|Any CPU
	EndGlobalSection
	GlobalSection(SolutionProperties) = preSolution
		HideSolutionNode = FALSE
	EndGlobalSection
	GlobalSection(ExtensibilityGlobals) = postSolution
		SolutionGuid = {B5C2DEAB-421B-4342-8F5F-DD0E50C5E184}
	EndGlobalSection
EndGlobal
